{
  "nodes": {
    "bootdev": {
      "flake": false,
      "locked": {
        "lastModified": 1727200470,
        "narHash": "sha256-BRUalW+smJCpmsu6mrr97gFczipsXJbw23Vxgy0VW2M=",
        "owner": "bootdotdev",
        "repo": "bootdev",
        "rev": "89a66cda8c7fd4bd001598915cceaf530b1b884b",
        "type": "github"
      },
      "original": {
        "owner": "bootdotdev",
        "repo": "bootdev",
        "type": "github"
      }
    },
    "flake-parts": {
      "inputs": {
        "nixpkgs-lib": "nixpkgs-lib"
      },
      "locked": {
        "lastModified": 1727826117,
        "narHash": "sha256-K5ZLCyfO/Zj9mPFldf3iwS6oZStJcU4tSpiXTMYaaL0=",
        "owner": "hercules-ci",
        "repo": "flake-parts",
        "rev": "3d04084d54bedc3d6b8b736c70ef449225c361b1",
        "type": "github"
      },
      "original": {
        "owner": "hercules-ci",
        "repo": "flake-parts",
        "type": "github"
      }
    },
    "nixpkgs": {
      "locked": {
        "lastModified": 1729256560,
        "narHash": "sha256-/uilDXvCIEs3C9l73JTACm4quuHUsIHcns1c+cHUJwA=",
        "owner": "NixOS",
        "repo": "nixpkgs",
        "rev": "4c2fcb090b1f3e5b47eaa7bd33913b574a11e0a0",
        "type": "github"
      },
      "original": {
        "owner": "NixOS",
        "ref": "nixos-unstable",
        "repo": "nixpkgs",
        "type": "github"
      }
    },
    "nixpkgs-lib": {
      "locked": {
        "lastModified": 1727825735,
        "narHash": "sha256-0xHYkMkeLVQAMa7gvkddbPqpxph+hDzdu1XdGPJR+Os=",
        "type": "tarball",
        "url": "https://github.com/NixOS/nixpkgs/archive/fb192fec7cc7a4c26d51779e9bab07ce6fa5597a.tar.gz"
      },
      "original": {
        "type": "tarball",
        "url": "https://github.com/NixOS/nixpkgs/archive/fb192fec7cc7a4c26d51779e9bab07ce6fa5597a.tar.gz"
      }
    },
    "root": {
      "inputs": {
        "bootdev": "bootdev",
        "flake-parts": "flake-parts",
        "nixpkgs": "nixpkgs",
        "yt-dlp-get-pot": "yt-dlp-get-pot",
        "yt-dlp-youtube-oauth2": "yt-dlp-youtube-oauth2"
      }
    },
    "yt-dlp-get-pot": {
      "flake": false,
      "locked": {
        "lastModified": 1727570198,
        "narHash": "sha256-c5iKnZ7rYckbqvEI20nymOV6/QJAWyu/FX0QM6ps2D4=",
        "owner": "coletdjnz",
        "repo": "yt-dlp-get-pot",
        "rev": "7868c25c8011cc59797c194933f5275362f64555",
        "type": "github"
      },
      "original": {
        "owner": "coletdjnz",
        "repo": "yt-dlp-get-pot",
        "type": "github"
      }
    },
    "yt-dlp-youtube-oauth2": {
      "flake": false,
      "locked": {
        "lastModified": 1727570538,
        "narHash": "sha256-0gTMh2G/XRm3G85kI5aq7+Zs8bXRSp/ZyJRQ88shnJM=",
        "owner": "coletdjnz",
        "repo": "yt-dlp-youtube-oauth2",
        "rev": "67ca8d645b004f724b6b6532c95db05788a573bb",
        "type": "github"
      },
      "original": {
        "owner": "coletdjnz",
        "repo": "yt-dlp-youtube-oauth2",
        "type": "github"
      }
    }
  },
  "root": "root",
  "version": 7
}
